
Microsoft Visual Studio Solution File, Format Version 12.00
# Visual Studio Version 16
VisualStudioVersion = 16.0.30503.244
MinimumVisualStudioVersion = 10.0.40219.1
Project("{9A19103F-16F7-4668-BE54-9A1E7A4F7556}") = "StatlerWaldorfCorp.LocationService", "src\StatlerWaldorfCorp.LocationService\StatlerWaldorfCorp.LocationService.csproj", "{B642D450-85A6-4FD5-B763-597D4C2D30E8}"
EndProject
Project("{9A19103F-16F7-4668-BE54-9A1E7A4F7556}") = "StatlerWaldorfCorp.LocationService.Tests", "test\StatlerWaldorfCorp.LocationService.Tests\StatlerWaldorfCorp.LocationService.Tests.csproj", "{5CC8C794-55AA-4D2E-9F81-3EE537CF22AD}"
EndProject
Global
	GlobalSection(SolutionConfigurationPlatforms) = preSolution
		Debug|Any CPU = Debug|Any CPU
		Release|Any CPU = Release|Any CPU
	EndGlobalSection
	GlobalSection(ProjectConfigurationPlatforms) = postSolution
		{B642D450-85A6-4FD5-B763-597D4C2D30E8}.Debug|Any CPU.ActiveCfg = Debug|Any CPU
		{B642D450-85A6-4FD5-B763-597D4C2D30E8}.Debug|Any CPU.Build.0 = Debug|Any CPU
		{B642D450-85A6-4FD5-B763-597D4C2D30E8}.Release|Any CPU.ActiveCfg = Release|Any CPU
		{B642D450-85A6-4FD5-B763-597D4C2D30E8}.Release|Any CPU.Build.0 = Release|Any CPU
		{5CC8C794-55AA-4D2E-9F81-3EE537CF22AD}.Debug|Any CPU.ActiveCfg = Debug|Any CPU
		{5CC8C794-55AA-4D2E-9F81-3EE537CF22AD}.Debug|Any CPU.Build.0 = Debug|Any CPU
		{5CC8C794-55AA-4D2E-9F81-3EE537CF22AD}.Release|Any CPU.ActiveCfg = Release|Any CPU
		{5CC8C794-55AA-4D2E-9F81-3EE537CF22AD}.Release|Any CPU.Build.0 = Release|Any CPU
	EndGlobalSection
	GlobalSection(SolutionProperties) = preSolution
		HideSolutionNode = FALSE
	EndGlobalSection
	GlobalSection(ExtensibilityGlobals) = postSolution
		SolutionGuid = {867B8EC9-0611-41FA-8E41-32C590551A05}
	EndGlobalSection
EndGlobal
